
Microsoft Visual Studio Solution File, Format Version 12.00
# Visual Studio Version 17
VisualStudioVersion = 17.5.33414.496
MinimumVisualStudioVersion = 10.0.40219.1
Project("{FAE04EC0-301F-11D3-BF4B-00C04F79EFBC}") = "StringOrderKata", "StringOrderKata.csproj", "{9CFC659E-40AD-48DE-AFE1-0B524D6A6C54}"
EndProject
Global
	GlobalSection(SolutionConfigurationPlatforms) = preSolution
		Debug|Any CPU = Debug|Any CPU
		Release|Any CPU = Release|Any CPU
	EndGlobalSection
	GlobalSection(ProjectConfigurationPlatforms) = postSolution
		{9CFC659E-40AD-48DE-AFE1-0B524D6A6C54}.Debug|Any CPU.ActiveCfg = Debug|Any CPU
		{9CFC659E-40AD-48DE-AFE1-0B524D6A6C54}.Debug|Any CPU.Build.0 = Debug|Any CPU
		{9CFC659E-40AD-48DE-AFE1-0B524D6A6C54}.Release|Any CPU.ActiveCfg = Release|Any CPU
		{9CFC659E-40AD-48DE-AFE1-0B524D6A6C54}.Release|Any CPU.Build.0 = Release|Any CPU
	EndGlobalSection
	GlobalSection(SolutionProperties) = preSolution
		HideSolutionNode = FALSE
	EndGlobalSection
	GlobalSection(ExtensibilityGlobals) = postSolution
		SolutionGuid = {A4A4F5C1-F739-4779-9B4B-C6D63865685E}
	EndGlobalSection
EndGlobal
